dependencies:
  espressif/cjson:
    component_hash: e788323270d90738662d66fffa910bfe1fba019bba087f01557e70c40485b469
    source:
      service_url: https://api.components.espressif.com/
      type: service
    version: 1.7.19~2
  espressif/dl_fft:
    component_hash: 7dadbd644c0d7ba4733cc3726ec4cff6edf27b043725e1115861dec1609a3d28
    source:
      service_url: https://api.components.espressif.com/
      type: service
    version: 0.3.1
  espressif/esp-dsp:
    component_hash: 12e44db246517a627bc0fe2b255b8335410c0215c98bfba2df5a8e3edea839ef
    source:
      service_url: https://api.components.espressif.com/
      type: service
    version: 1.8.0
  espressif/esp-sr:
    component_hash: a0bc0e3104ef406b661fe861565514e9c9ecdafbce0f0645e5bfc80d5aa290b9
    source:
      service_url: https://api.components.espressif.com/
      type: service
    version: 2.4.3
  idf:
    component_hash: null
    source:
      type: idf
    version: 5.4.0
manifest_hash: 1f1d584e16939aecedd89fb6a439ba4c36807d1a050c09d3fcb086663f0da073
target: esp32s3
version: 1.0.0
